
Microsoft Visual Studio Solution File, Format Version 12.00
# Visual Studio Version 16
VisualStudioVersion = 16.0.28407.52
MinimumVisualStudioVersion = 10.0.40219.1
Project("{FAE04EC0-301F-11D3-BF4B-00C04F79EFBC}") = "AWSCore", "AWSCore\AWSCore.csproj", "{A922BBE5-2FCE-4E2E-B1E1-A29E6F8D819E}"
EndProject
Global
	GlobalSection(SolutionConfigurationPlatforms) = preSolution
		Debug|Any CPU = Debug|Any CPU
		Release|Any CPU = Release|Any CPU
	EndGlobalSection
	GlobalSection(ProjectConfigurationPlatforms) = postSolution
		{A922BBE5-2FCE-4E2E-B1E1-A29E6F8D819E}.Debug|Any CPU.ActiveCfg = Debug|Any CPU
		{A922BBE5-2FCE-4E2E-B1E1-A29E6F8D819E}.Debug|Any CPU.Build.0 = Debug|Any CPU
		{A922BBE5-2FCE-4E2E-B1E1-A29E6F8D819E}.Release|Any CPU.ActiveCfg = Release|Any CPU
		{A922BBE5-2FCE-4E2E-B1E1-A29E6F8D819E}.Release|Any CPU.Build.0 = Release|Any CPU
	EndGlobalSection
	GlobalSection(SolutionProperties) = preSolution
		HideSolutionNode = FALSE
	EndGlobalSection
	GlobalSection(ExtensibilityGlobals) = postSolution
		SolutionGuid = {196ACBC6-AADF-41DC-AE07-B66D2AB78371}
	EndGlobalSection
EndGlobal
